github.com/veylin2175/api-contracts v0.0.0-20250312231858-f713b5aaa6ce h1:WZ2Iqa38hq1OIHoKSHv/p+mlf5hgv4wVMUuSRbPMzn8=
github.com/veylin2175/api-contracts v0.0.0-20250312231858-f713b5aaa6ce/go.mod h1:q5hGvJSP1eXPvuelSAEc73TcdQeRcUjPhXq/30ET50k=
github.com/veylin2175/api-contracts v0.0.1 h1:SLF2P7XilD0pMswN4NRC4mNLkR5HfPKug961C/TTlFg=
github.com/veylin2175/api-contracts v0.0.1/go.mod h1:q5hGvJSP1eXPvuelSAEc73TcdQeRcUjPhXq/30ET50k=
